# Prisma Migrate lockfile v1

20200816101004-init
20200817151808-make-summoner-optional
20200817210917-add-id-to-matchups
20200818102533-add_games_won_to_matchup
20200818103143-add_games_lost_to_matchup
20200818105145-add_notes_table
20200820200838-add-assets-to-champion
20200822210619-add_private_field_to_matchup
20200911192543-make_game_id_nullable
20201010183828-add-types-to-notes
20201010195617-add-champion-id-to-note
20201025215229-add_email_verification_to_user
20201026081929-add_token_to_verification
20201026082932-make_user_optional
20201026083108-fix_user
20201026090823-add_email_verification_for_users
20201028110355-add_reset_password_table
20201119195852-user-can-have-many-summoners
20201222210643-add-game-table
20210113203626-add-games-table
20210115104300-introspect-for-types
20210115104635-add-games-table
20210115203642-add-games-table
20210118141126-add-games-table
20210119154452-add-champion-info-to-game-table